
Microsoft Visual Studio Solution File, Format Version 12.00
Project("{FAE04EC0-301F-11D3-BF4B-00C04F79EFBC}") = "CodeRunnerWebApi", "CodeRunnerWebApi\CodeRunnerWebApi.csproj", "{B4C7153F-5488-4C72-8700-5E92AA2A3A14}"
EndProject
Global
	GlobalSection(SolutionConfigurationPlatforms) = preSolution
		Debug|Any CPU = Debug|Any CPU
		Release|Any CPU = Release|Any CPU
	EndGlobalSection
	GlobalSection(ProjectConfigurationPlatforms) = postSolution
		{B4C7153F-5488-4C72-8700-5E92AA2A3A14}.Debug|Any CPU.ActiveCfg = Debug|Any CPU
		{B4C7153F-5488-4C72-8700-5E92AA2A3A14}.Debug|Any CPU.Build.0 = Debug|Any CPU
		{B4C7153F-5488-4C72-8700-5E92AA2A3A14}.Release|Any CPU.ActiveCfg = Release|Any CPU
		{B4C7153F-5488-4C72-8700-5E92AA2A3A14}.Release|Any CPU.Build.0 = Release|Any CPU
	EndGlobalSection
EndGlobal
